
Microsoft Visual Studio Solution File, Format Version 12.00
# Visual Studio Version 16
VisualStudioVersion = 16.0.31402.337
MinimumVisualStudioVersion = 10.0.40219.1
Project("{9A19103F-16F7-4668-BE54-9A1E7A4F7556}") = "TwitterRetweetBot", "TwitterRetweetBot.csproj", "{F989E5DB-47DB-4FD8-8821-03E9A0EE246E}"
EndProject
Global
	GlobalSection(SolutionConfigurationPlatforms) = preSolution
		Debug|Any CPU = Debug|Any CPU
		Release|Any CPU = Release|Any CPU
	EndGlobalSection
	GlobalSection(ProjectConfigurationPlatforms) = postSolution
		{F989E5DB-47DB-4FD8-8821-03E9A0EE246E}.Debug|Any CPU.ActiveCfg = Debug|Any CPU
		{F989E5DB-47DB-4FD8-8821-03E9A0EE246E}.Debug|Any CPU.Build.0 = Debug|Any CPU
		{F989E5DB-47DB-4FD8-8821-03E9A0EE246E}.Release|Any CPU.ActiveCfg = Release|Any CPU
		{F989E5DB-47DB-4FD8-8821-03E9A0EE246E}.Release|Any CPU.Build.0 = Release|Any CPU
	EndGlobalSection
	GlobalSection(SolutionProperties) = preSolution
		HideSolutionNode = FALSE
	EndGlobalSection
	GlobalSection(ExtensibilityGlobals) = postSolution
		SolutionGuid = {3990ECEB-F79D-4099-A4BB-D5912C4DFBFC}
	EndGlobalSection
EndGlobal
